
Microsoft Visual Studio Solution File, Format Version 12.00
# Visual Studio 15
VisualStudioVersion = 15.0.27130.2036
MinimumVisualStudioVersion = 10.0.40219.1
Project("{FAE04EC0-301F-11D3-BF4B-00C04F79EFBC}") = "IRS_Preparers", "IRS_Preparers\IRS_Preparers.csproj", "{DDE56964-B429-41E3-9063-9C9E0E823B67}"
EndProject
Global
	GlobalSection(SolutionConfigurationPlatforms) = preSolution
		Debug|Any CPU = Debug|Any CPU
		Release|Any CPU = Release|Any CPU
	EndGlobalSection
	GlobalSection(ProjectConfigurationPlatforms) = postSolution
		{DDE56964-B429-41E3-9063-9C9E0E823B67}.Debug|Any CPU.ActiveCfg = Debug|Any CPU
		{DDE56964-B429-41E3-9063-9C9E0E823B67}.Debug|Any CPU.Build.0 = Debug|Any CPU
		{DDE56964-B429-41E3-9063-9C9E0E823B67}.Release|Any CPU.ActiveCfg = Release|Any CPU
		{DDE56964-B429-41E3-9063-9C9E0E823B67}.Release|Any CPU.Build.0 = Release|Any CPU
	EndGlobalSection
	GlobalSection(SolutionProperties) = preSolution
		HideSolutionNode = FALSE
	EndGlobalSection
	GlobalSection(ExtensibilityGlobals) = postSolution
		SolutionGuid = {B3354454-F199-41BE-B1E5-35DEBEFE54AC}
	EndGlobalSection
EndGlobal
